// !$*UTF8*$!
{
	archiveVersion = 1;
	classes = {
	};
	objectVersion = 50;
	objects = {

/* Begin PBXBuildFile section */
		76948EDB266E8E53006AD561 /* PokemonPopUpView.swift in Sources */ = {isa = PBXBuildFile; fileRef = 76948EDA266E8E53006AD561 /* PokemonPopUpView.swift */; };
		76BDE37B265EDFE900CCB340 /* Pokemon.swift in Sources */ = {isa = PBXBuildFile; fileRef = 76BDE37A265EDFE900CCB340 /* Pokemon.swift */; };
		76BDE37D265EE93100CCB340 /* Service.swift in Sources */ = {isa = PBXBuildFile; fileRef = 76BDE37C265EE93100CCB340 /* Service.swift */; };
		76CB0FD8265D97C900326959 /* AppDelegate.swift in Sources */ = {isa = PBXBuildFile; fileRef = 76CB0FD7265D97C900326959 /* AppDelegate.swift */; };
		76CB0FDA265D97C900326959 /* SceneDelegate.swift in Sources */ = {isa = PBXBuildFile; fileRef = 76CB0FD9265D97C900326959 /* SceneDelegate.swift */; };
		76CB0FE1265D97CA00326959 /* Assets.xcassets in Resources */ = {isa = PBXBuildFile; fileRef = 76CB0FE0265D97CA00326959 /* Assets.xcassets */; };
		76CB0FE4265D97CA00326959 /* LaunchScreen.storyboard in Resources */ = {isa = PBXBuildFile; fileRef = 76CB0FE2265D97CA00326959 /* LaunchScreen.storyboard */; };
		76CB0FF1265D987200326959 /* PokedexController.swift in Sources */ = {isa = PBXBuildFile; fileRef = 76CB0FF0265D987200326959 /* PokedexController.swift */; };
		76CB0FF3265D9B2E00326959 /* Extensions.swift in Sources */ = {isa = PBXBuildFile; fileRef = 76CB0FF2265D9B2E00326959 /* Extensions.swift */; };
		76CB0FF5265D9F3000326959 /* PokedexCell.swift in Sources */ = {isa = PBXBuildFile; fileRef = 76CB0FF4265D9F3000326959 /* PokedexCell.swift */; };
/* End PBXBuildFile section */

/* Begin PBXFileReference section */
		76948EDA266E8E53006AD561 /* PokemonPopUpView.swift */ = {isa = PBXFileReference; lastKnownFileType = sourcecode.swift; path = PokemonPopUpView.swift; sourceTree = "<group>"; };
		76BDE37A265EDFE900CCB340 /* Pokemon.swift */ = {isa = PBXFileReference; lastKnownFileType = sourcecode.swift; path = Pokemon.swift; sourceTree = "<group>"; };
		76BDE37C265EE93100CCB340 /* Service.swift */ = {isa = PBXFileReference; lastKnownFileType = sourcecode.swift; path = Service.swift; sourceTree = "<group>"; };
		76CB0FD4265D97C900326959 /* PokedexMVC.app */ = {isa = PBXFileReference; explicitFileType = wrapper.application; includeInIndex = 0; path = PokedexMVC.app; sourceTree = BUILT_PRODUCTS_DIR; };
		76CB0FD7265D97C900326959 /* AppDelegate.swift */ = {isa = PBXFileReference; lastKnownFileType = sourcecode.swift; path = AppDelegate.swift; sourceTree = "<group>"; };
		76CB0FD9265D97C900326959 /* SceneDelegate.swift */ = {isa = PBXFileReference; lastKnownFileType = sourcecode.swift; path = SceneDelegate.swift; sourceTree = "<group>"; };
		76CB0FE0265D97CA00326959 /* Assets.xcassets */ = {isa = PBXFileReference; lastKnownFileType = folder.assetcatalog; path = Assets.xcassets; sourceTree = "<group>"; };
		76CB0FE3265D97CA00326959 /* Base */ = {isa = PBXFileReference; lastKnownFileType = file.storyboard; name = Base; path = Base.lproj/LaunchScreen.storyboard; sourceTree = "<group>"; };
		76CB0FE5265D97CA00326959 /* Info.plist */ = {isa = PBXFileReference; lastKnownFileType = text.plist.xml; path = Info.plist; sourceTree = "<group>"; };
		76CB0FF0265D987200326959 /* PokedexController.swift */ = {isa = PBXFileReference; lastKnownFileType = sourcecode.swift; path = PokedexController.swift; sourceTree = "<group>"; };
		76CB0FF2265D9B2E00326959 /* Extensions.swift */ = {isa = PBXFileReference; lastKnownFileType = sourcecode.swift; path = Extensions.swift; sourceTree = "<group>"; };
		76CB0FF4265D9F3000326959 /* PokedexCell.swift */ = {isa = PBXFileReference; lastKnownFileType = sourcecode.swift; path = PokedexCell.swift; sourceTree = "<group>"; };
/* End PBXFileReference section */

/* Begin PBXFrameworksBuildPhase section */
		76CB0FD1265D97C900326959 /* Frameworks */ = {
			isa = PBXFrameworksBuildPhase;
			buildActionMask = 2147483647;
			files = (
			);
			runOnlyForDeploymentPostprocessing = 0;
		};
/* End PBXFrameworksBuildPhase section */

/* Begin PBXGroup section */
		76CB0FCB265D97C900326959 = {
			isa = PBXGroup;
			children = (
				76CB0FD6265D97C900326959 /* PokedexMVC */,
				76CB0FD5265D97C900326959 /* Products */,
			);
			sourceTree = "<group>";
		};
		76CB0FD5265D97C900326959 /* Products */ = {
			isa = PBXGroup;
			children = (
				76CB0FD4265D97C900326959 /* PokedexMVC.app */,
			);
			name = Products;
			sourceTree = "<group>";
		};
		76CB0FD6265D97C900326959 /* PokedexMVC */ = {
			isa = PBXGroup;
			children = (
				76CB0FEF265D981E00326959 /* Model */,
				76CB0FEE265D981900326959 /* View */,
				76CB0FED265D981200326959 /* Controller */,
				76CB0FEC265D980A00326959 /* Service */,
				76CB0FEB265D980200326959 /* Utils */,
				76CB0FD7265D97C900326959 /* AppDelegate.swift */,
				76CB0FD9265D97C900326959 /* SceneDelegate.swift */,
				76CB0FE0265D97CA00326959 /* Assets.xcassets */,
				76CB0FE2265D97CA00326959 /* LaunchScreen.storyboard */,
				76CB0FE5265D97CA00326959 /* Info.plist */,
			);
			path = PokedexMVC;
			sourceTree = "<group>";
		};
		76CB0FEB265D980200326959 /* Utils */ = {
			isa = PBXGroup;
			children = (
				76CB0FF2265D9B2E00326959 /* Extensions.swift */,
			);
			path = Utils;
			sourceTree = "<group>";
		};
		76CB0FEC265D980A00326959 /* Service */ = {
			isa = PBXGroup;
			children = (
				76BDE37C265EE93100CCB340 /* Service.swift */,
			);
			path = Service;
			sourceTree = "<group>";
		};
		76CB0FED265D981200326959 /* Controller */ = {
			isa = PBXGroup;
			children = (
				76CB0FF0265D987200326959 /* PokedexController.swift */,
			);
			path = Controller;
			sourceTree = "<group>";
		};
		76CB0FEE265D981900326959 /* View */ = {
			isa = PBXGroup;
			children = (
				76CB0FF4265D9F3000326959 /* PokedexCell.swift */,
				76948EDA266E8E53006AD561 /* PokemonPopUpView.swift */,
			);
			path = View;
			sourceTree = "<group>";
		};
		76CB0FEF265D981E00326959 /* Model */ = {
			isa = PBXGroup;
			children = (
				76BDE37A265EDFE900CCB340 /* Pokemon.swift */,
			);
			path = Model;
			sourceTree = "<group>";
		};
/* End PBXGroup section */

/* Begin PBXNativeTarget section */
		76CB0FD3265D97C900326959 /* PokedexMVC */ = {
			isa = PBXNativeTarget;
			buildConfigurationList = 76CB0FE8265D97CA00326959 /* Build configuration list for PBXNativeTarget "PokedexMVC" */;
			buildPhases = (
				76CB0FD0265D97C900326959 /* Sources */,
				76CB0FD1265D97C900326959 /* Frameworks */,
				76CB0FD2265D97C900326959 /* Resources */,
			);
			buildRules = (
			);
			dependencies = (
			);
			name = PokedexMVC;
			productName = PokedexMVC;
			productReference = 76CB0FD4265D97C900326959 /* PokedexMVC.app */;
			productType = "com.apple.product-type.application";
		};
/* End PBXNativeTarget section */

/* Begin PBXProject section */
		76CB0FCC265D97C900326959 /* Project object */ = {
			isa = PBXProject;
			attributes = {
				LastSwiftUpdateCheck = 1250;
				LastUpgradeCheck = 1250;
				TargetAttributes = {
					76CB0FD3265D97C900326959 = {
						CreatedOnToolsVersion = 12.5;
					};
				};
			};
			buildConfigurationList = 76CB0FCF265D97C900326959 /* Build configuration list for PBXProject "PokedexMVC" */;
			compatibilityVersion = "Xcode 9.3";
			developmentRegion = en;
			hasScannedForEncodings = 0;
			knownRegions = (
				en,
				Base,
			);
			mainGroup = 76CB0FCB265D97C900326959;
			productRefGroup = 76CB0FD5265D97C900326959 /* Products */;
			projectDirPath = "";
			projectRoot = "";
			targets = (
				76CB0FD3265D97C900326959 /* PokedexMVC */,
			);
		};
/* End PBXProject section */

/* Begin PBXResourcesBuildPhase section */
		76CB0FD2265D97C900326959 /* Resources */ = {
			isa = PBXResourcesBuildPhase;
			buildActionMask = 2147483647;
			files = (
				76CB0FE4265D97CA00326959 /* LaunchScreen.storyboard in Resources */,
				76CB0FE1265D97CA00326959 /* Assets.xcassets in Resources */,
			);
			runOnlyForDeploymentPostprocessing = 0;
		};
/* End PBXResourcesBuildPhase section */

/* Begin PBXSourcesBuildPhase section */
		76CB0FD0265D97C900326959 /* Sources */ = {
			isa = PBXSourcesBuildPhase;
			buildActionMask = 2147483647;
			files = (
				76CB0FF1265D987200326959 /* PokedexController.swift in Sources */,
				76948EDB266E8E53006AD561 /* PokemonPopUpView.swift in Sources */,
				76BDE37D265EE93100CCB340 /* Service.swift in Sources */,
				76CB0FD8265D97C900326959 /* AppDelegate.swift in Sources */,
				76CB0FDA265D97C900326959 /* SceneDelegate.swift in Sources */,
				76CB0FF3265D9B2E00326959 /* Extensions.swift in Sources */,
				76CB0FF5265D9F3000326959 /* PokedexCell.swift in Sources */,
				76BDE37B265EDFE900CCB340 /* Pokemon.swift in Sources */,
			);
			runOnlyForDeploymentPostprocessing = 0;
		};
/* End PBXSourcesBuildPhase section */

/* Begin PBXVariantGroup section */
		76CB0FE2265D97CA00326959 /* LaunchScreen.storyboard */ = {
			isa = PBXVariantGroup;
			children = (
				76CB0FE3265D97CA00326959 /* Base */,
			);
			name = LaunchScreen.storyboard;
			sourceTree = "<group>";
		};
/* End PBXVariantGroup section */

/* Begin XCBuildConfiguration section */
		76CB0FE6265D97CA00326959 /* Debug */ = {
			isa = XCBuildConfiguration;
			buildSettings = {
				ALWAYS_SEARCH_USER_PATHS = NO;
				CLANG_ANALYZER_NONNULL = YES;
				CLANG_ANALYZER_NUMBER_OBJECT_CONVERSION = YES_AGGRESSIVE;
				CLANG_CXX_LANGUAGE_STANDARD = "gnu++14";
				CLANG_CXX_LIBRARY = "libc++";
				CLANG_ENABLE_MODULES = YES;
				CLANG_ENABLE_OBJC_ARC = YES;
				CLANG_ENABLE_OBJC_WEAK = YES;
				CLANG_WARN_BLOCK_CAPTURE_AUTORELEASING = YES;
				CLANG_WARN_BOOL_CONVERSION = YES;
				CLANG_WARN_COMMA = YES;
				CLANG_WARN_CONSTANT_CONVERSION = YES;
				CLANG_WARN_DEPRECATED_OBJC_IMPLEMENTATIONS = YES;
				CLANG_WARN_DIRECT_OBJC_ISA_USAGE = YES_ERROR;
				CLANG_WARN_DOCUMENTATION_COMMENTS = YES;
				CLANG_WARN_EMPTY_BODY = YES;
				CLANG_WARN_ENUM_CONVERSION = YES;
				CLANG_WARN_INFINITE_RECURSION = YES;
				CLANG_WARN_INT_CONVERSION = YES;
				CLANG_WARN_NON_LITERAL_NULL_CONVERSION = YES;
				CLANG_WARN_OBJC_IMPLICIT_RETAIN_SELF = YES;
				CLANG_WARN_OBJC_LITERAL_CONVERSION = YES;
				CLANG_WARN_OBJC_ROOT_CLASS = YES_ERROR;
				CLANG_WARN_QUOTED_INCLUDE_IN_FRAMEWORK_HEADER = YES;
				CLANG_WARN_RANGE_LOOP_ANALYSIS = YES;
				CLANG_WARN_STRICT_PROTOTYPES = YES;
				CLANG_WARN_SUSPICIOUS_MOVE = YES;
				CLANG_WARN_UNGUARDED_AVAILABILITY = YES_AGGRESSIVE;
				CLANG_WARN_UNREACHABLE_CODE = YES;
				CLANG_WARN__DUPLICATE_METHOD_MATCH = YES;
				COPY_PHASE_STRIP = NO;
				DEBUG_INFORMATION_FORMAT = dwarf;
				ENABLE_STRICT_OBJC_MSGSEND = YES;
				ENABLE_TESTABILITY = YES;
				GCC_C_LANGUAGE_STANDARD = gnu11;
				GCC_DYNAMIC_NO_PIC = NO;
				GCC_NO_COMMON_BLOCKS = YES;
				GCC_OPTIMIZATION_LEVEL = 0;
				GCC_PREPROCESSOR_DEFINITIONS = (
					"DEBUG=1",
					"$(inherited)",
				);
				GCC_WARN_64_TO_32_BIT_CONVERSION = YES;
				GCC_WARN_ABOUT_RETURN_TYPE = YES_ERROR;
				GCC_WARN_UNDECLARED_SELECTOR = YES;
				GCC_WARN_UNINITIALIZED_AUTOS = YES_AGGRESSIVE;
				GCC_WARN_UNUSED_FUNCTION = YES;
				GCC_WARN_UNUSED_VARIABLE = YES;
				IPHONEOS_DEPLOYMENT_TARGET = 14.5;
				MTL_ENABLE_DEBUG_INFO = INCLUDE_SOURCE;
				MTL_FAST_MATH = YES;
				ONLY_ACTIVE_ARCH = YES;
				SDKROOT = iphoneos;
				SWIFT_ACTIVE_COMPILATION_CONDITIONS = DEBUG;
				SWIFT_OPTIMIZATION_LEVEL = "-Onone";
			};
			name = Debug;
		};
		76CB0FE7265D97CA00326959 /* Release */ = {
			isa = XCBuildConfiguration;
			buildSettings = {
				ALWAYS_SEARCH_USER_PATHS = NO;
				CLANG_ANALYZER_NONNULL = YES;
				CLANG_ANALYZER_NUMBER_OBJECT_CONVERSION = YES_AGGRESSIVE;
				CLANG_CXX_LANGUAGE_STANDARD = "gnu++14";
				CLANG_CXX_LIBRARY = "libc++";
				CLANG_ENABLE_MODULES = YES;
				CLANG_ENABLE_OBJC_ARC = YES;
				CLANG_ENABLE_OBJC_WEAK = YES;
				CLANG_WARN_BLOCK_CAPTURE_AUTORELEASING = YES;
				CLANG_WARN_BOOL_CONVERSION = YES;
				CLANG_WARN_COMMA = YES;
				CLANG_WARN_CONSTANT_CONVERSION = YES;
				CLANG_WARN_DEPRECATED_OBJC_IMPLEMENTATIONS = YES;
				CLANG_WARN_DIRECT_OBJC_ISA_USAGE = YES_ERROR;
				CLANG_WARN_DOCUMENTATION_COMMENTS = YES;
				CLANG_WARN_EMPTY_BODY = YES;
				CLANG_WARN_ENUM_CONVERSION = YES;
				CLANG_WARN_INFINITE_RECURSION = YES;
				CLANG_WARN_INT_CONVERSION = YES;
				CLANG_WARN_NON_LITERAL_NULL_CONVERSION = YES;
				CLANG_WARN_OBJC_IMPLICIT_RETAIN_SELF = YES;
				CLANG_WARN_OBJC_LITERAL_CONVERSION = YES;
				CLANG_WARN_OBJC_ROOT_CLASS = YES_ERROR;
				CLANG_WARN_QUOTED_INCLUDE_IN_FRAMEWORK_HEADER = YES;
				CLANG_WARN_RANGE_LOOP_ANALYSIS = YES;
				CLANG_WARN_STRICT_PROTOTYPES = YES;
				CLANG_WARN_SUSPICIOUS_MOVE = YES;
				CLANG_WARN_UNGUARDED_AVAILABILITY = YES_AGGRESSIVE;
				CLANG_WARN_UNREACHABLE_CODE = YES;
				CLANG_WARN__DUPLICATE_METHOD_MATCH = YES;
				COPY_PHASE_STRIP = NO;
				DEBUG_INFORMATION_FORMAT = "dwarf-with-dsym";
				ENABLE_NS_ASSERTIONS = NO;
				ENABLE_STRICT_OBJC_MSGSEND = YES;
				GCC_C_LANGUAGE_STANDARD = gnu11;
				GCC_NO_COMMON_BLOCKS = YES;
				GCC_WARN_64_TO_32_BIT_CONVERSION = YES;
				GCC_WARN_ABOUT_RETURN_TYPE = YES_ERROR;
				GCC_WARN_UNDECLARED_SELECTOR = YES;
				GCC_WARN_UNINITIALIZED_AUTOS = YES_AGGRESSIVE;
				GCC_WARN_UNUSED_FUNCTION = YES;
				GCC_WARN_UNUSED_VARIABLE = YES;
				IPHONEOS_DEPLOYMENT_TARGET = 14.5;
				MTL_ENABLE_DEBUG_INFO = NO;
				MTL_FAST_MATH = YES;
				SDKROOT = iphoneos;
				SWIFT_COMPILATION_MODE = wholemodule;
				SWIFT_OPTIMIZATION_LEVEL = "-O";
				VALIDATE_PRODUCT = YES;
			};
			name = Release;
		};
		76CB0FE9265D97CA00326959 /* Debug */ = {
			isa = XCBuildConfiguration;
			buildSettings = {
				ASSETCATALOG_COMPILER_APPICON_NAME = AppIcon;
				ASSETCATALOG_COMPILER_GLOBAL_ACCENT_COLOR_NAME = AccentColor;
				CODE_SIGN_STYLE = Automatic;
				DEVELOPMENT_TEAM = GWYT6568VG;
				INFOPLIST_FILE = PokedexMVC/Info.plist;
				LD_RUNPATH_SEARCH_PATHS = (
					"$(inherited)",
					"@executable_path/Frameworks",
				);
				PRODUCT_BUNDLE_IDENTIFIER = vtodorov.PokedexMVC;
				PRODUCT_NAME = "$(TARGET_NAME)";
				SWIFT_VERSION = 5.0;
				TARGETED_DEVICE_FAMILY = "1,2";
			};
			name = Debug;
		};
		76CB0FEA265D97CA00326959 /* Release */ = {
			isa = XCBuildConfiguration;
			buildSettings = {
				ASSETCATALOG_COMPILER_APPICON_NAME = AppIcon;
				ASSETCATALOG_COMPILER_GLOBAL_ACCENT_COLOR_NAME = AccentColor;
				CODE_SIGN_STYLE = Automatic;
				DEVELOPMENT_TEAM = GWYT6568VG;
				INFOPLIST_FILE = PokedexMVC/Info.plist;
				LD_RUNPATH_SEARCH_PATHS = (
					"$(inherited)",
					"@executable_path/Frameworks",
				);
				PRODUCT_BUNDLE_IDENTIFIER = vtodorov.PokedexMVC;
				PRODUCT_NAME = "$(TARGET_NAME)";
				SWIFT_VERSION = 5.0;
				TARGETED_DEVICE_FAMILY = "1,2";
			};
			name = Release;
		};
/* End XCBuildConfiguration section */

/* Begin XCConfigurationList section */
		76CB0FCF265D97C900326959 /* Build configuration list for PBXProject "PokedexMVC" */ = {
			isa = XCConfigurationList;
			buildConfigurations = (
				76CB0FE6265D97CA00326959 /* Debug */,
				76CB0FE7265D97CA00326959 /* Release */,
			);
			defaultConfigurationIsVisible = 0;
			defaultConfigurationName = Release;
		};
		76CB0FE8265D97CA00326959 /* Build configuration list for PBXNativeTarget "PokedexMVC" */ = {
			isa = XCConfigurationList;
			buildConfigurations = (
				76CB0FE9265D97CA00326959 /* Debug */,
				76CB0FEA265D97CA00326959 /* Release */,
			);
			defaultConfigurationIsVisible = 0;
			defaultConfigurationName = Release;
		};
/* End XCConfigurationList section */
	};
	rootObject = 76CB0FCC265D97C900326959 /* Project object */;
}
